
Microsoft Visual Studio Solution File, Format Version 12.00
Project("{FAE04EC0-301F-11D3-BF4B-00C04F79EFBC}") = "Test.Bl", "Test.Bl\Test.Bl.csproj", "{B92BBE4C-9D3A-4610-89CB-131DE828C16F}"
EndProject
Project("{FAE04EC0-301F-11D3-BF4B-00C04F79EFBC}") = "Test.Data", "Test.Data\Test.Data.csproj", "{DB4C9B8D-7E20-4B24-9FEB-919D2D230124}"
EndProject
Project("{FAE04EC0-301F-11D3-BF4B-00C04F79EFBC}") = "Test.Api", "Test.Api\Test.Api.csproj", "{DBA7D877-CF7C-4BA6-A779-0BB111EFE771}"
EndProject
Project("{FAE04EC0-301F-11D3-BF4B-00C04F79EFBC}") = "Test.Common", "Test.Common\Test.Common.csproj", "{E4695993-ED3F-40BD-897F-A1D56E2A9171}"
EndProject
Global
	GlobalSection(SolutionConfigurationPlatforms) = preSolution
		Debug|Any CPU = Debug|Any CPU
		Release|Any CPU = Release|Any CPU
	EndGlobalSection
	GlobalSection(ProjectConfigurationPlatforms) = postSolution
		{B92BBE4C-9D3A-4610-89CB-131DE828C16F}.Debug|Any CPU.ActiveCfg = Debug|Any CPU
		{B92BBE4C-9D3A-4610-89CB-131DE828C16F}.Debug|Any CPU.Build.0 = Debug|Any CPU
		{B92BBE4C-9D3A-4610-89CB-131DE828C16F}.Release|Any CPU.ActiveCfg = Release|Any CPU
		{B92BBE4C-9D3A-4610-89CB-131DE828C16F}.Release|Any CPU.Build.0 = Release|Any CPU
		{DB4C9B8D-7E20-4B24-9FEB-919D2D230124}.Debug|Any CPU.ActiveCfg = Debug|Any CPU
		{DB4C9B8D-7E20-4B24-9FEB-919D2D230124}.Debug|Any CPU.Build.0 = Debug|Any CPU
		{DB4C9B8D-7E20-4B24-9FEB-919D2D230124}.Release|Any CPU.ActiveCfg = Release|Any CPU
		{DB4C9B8D-7E20-4B24-9FEB-919D2D230124}.Release|Any CPU.Build.0 = Release|Any CPU
		{DBA7D877-CF7C-4BA6-A779-0BB111EFE771}.Debug|Any CPU.ActiveCfg = Debug|Any CPU
		{DBA7D877-CF7C-4BA6-A779-0BB111EFE771}.Debug|Any CPU.Build.0 = Debug|Any CPU
		{DBA7D877-CF7C-4BA6-A779-0BB111EFE771}.Release|Any CPU.ActiveCfg = Release|Any CPU
		{DBA7D877-CF7C-4BA6-A779-0BB111EFE771}.Release|Any CPU.Build.0 = Release|Any CPU
		{E4695993-ED3F-40BD-897F-A1D56E2A9171}.Debug|Any CPU.ActiveCfg = Debug|Any CPU
		{E4695993-ED3F-40BD-897F-A1D56E2A9171}.Debug|Any CPU.Build.0 = Debug|Any CPU
		{E4695993-ED3F-40BD-897F-A1D56E2A9171}.Release|Any CPU.ActiveCfg = Release|Any CPU
		{E4695993-ED3F-40BD-897F-A1D56E2A9171}.Release|Any CPU.Build.0 = Release|Any CPU
	EndGlobalSection
EndGlobal
